        "@swc/core": "~1.15.2",
    "node_modules/@angular/build/node_modules/@types/node": {
      "version": "24.10.1",
      "resolved": "https://registry.npmjs.org/@types/node/-/node-24.10.1.tgz",
      "integrity": "sha512-GNWcUTRBgIRJD5zj+Tq0fKOJ5XZajIiBroOF0yvj2bSU1WvNdYS/dn9UxwsujGW4JX06dnHyjV2y9rRaybH0iQ==",
      "dev": true,
      "license": "MIT",
      "optional": true,
      "peer": true,
      "dependencies": {
        "undici-types": "~7.16.0"
      }
    },
    "node_modules/@angular/build/node_modules/yaml": {
      "version": "2.8.1",
      "resolved": "https://registry.npmjs.org/yaml/-/yaml-2.8.1.tgz",
      "integrity": "sha512-lcYcMxX2PO9XMGvAJkJ3OsNMw+/7FKes7/hgerGUYWIoWu5j/+YQqcZr5JnPZWzOsEBgMbSbiSTn/dv/69Mkpw==",
      "dev": true,
      "license": "ISC",
      "optional": true,
      "peer": true,
      "bin": {
        "yaml": "bin.mjs"
      },
      "engines": {
        "node": ">= 14.6"
      }
    },
      "version": "1.15.2",
      "resolved": "https://registry.npmjs.org/@swc/core/-/core-1.15.2.tgz",
      "integrity": "sha512-OQm+yJdXxvSjqGeaWhP6Ia264ogifwAO7Q12uTDVYj/Ks4jBTI4JknlcjDRAXtRhqbWsfbZyK/5RtuIPyptk3w==",
        "@swc/types": "^0.1.25"
        "@swc/core-darwin-arm64": "1.15.2",
        "@swc/core-darwin-x64": "1.15.2",
        "@swc/core-linux-arm-gnueabihf": "1.15.2",
        "@swc/core-linux-arm64-gnu": "1.15.2",
        "@swc/core-linux-arm64-musl": "1.15.2",
        "@swc/core-linux-x64-gnu": "1.15.2",
        "@swc/core-linux-x64-musl": "1.15.2",
        "@swc/core-win32-arm64-msvc": "1.15.2",
        "@swc/core-win32-ia32-msvc": "1.15.2",
        "@swc/core-win32-x64-msvc": "1.15.2"
        "@swc/helpers": ">=0.5.17"
      "version": "1.15.2",
      "resolved": "https://registry.npmjs.org/@swc/core-darwin-arm64/-/core-darwin-arm64-1.15.2.tgz",
      "integrity": "sha512-Ghyz4RJv4zyXzrUC1B2MLQBbppIB5c4jMZJybX2ebdEQAvryEKp3gq1kBksCNsatKGmEgXul88SETU19sMWcrw==",
      "version": "1.15.2",
      "resolved": "https://registry.npmjs.org/@swc/core-darwin-x64/-/core-darwin-x64-1.15.2.tgz",
      "integrity": "sha512-7n/PGJOcL2QoptzL42L5xFFfXY5rFxLHnuz1foU+4ruUTG8x2IebGhtwVTpaDN8ShEv2UZObBlT1rrXTba15Zw==",
      "version": "1.15.2",
      "resolved": "https://registry.npmjs.org/@swc/core-linux-arm-gnueabihf/-/core-linux-arm-gnueabihf-1.15.2.tgz",
      "integrity": "sha512-ZUQVCfRJ9wimuxkStRSlLwqX4TEDmv6/J+E6FicGkQ6ssLMWoKDy0cAo93HiWt/TWEee5vFhFaSQYzCuBEGO6A==",
      "version": "1.15.2",
      "resolved": "https://registry.npmjs.org/@swc/core-linux-arm64-gnu/-/core-linux-arm64-gnu-1.15.2.tgz",
      "integrity": "sha512-GZh3pYBmfnpQ+JIg+TqLuz+pM+Mjsk5VOzi8nwKn/m+GvQBsxD5ectRtxuWUxMGNG8h0lMy4SnHRqdK3/iJl7A==",
      "version": "1.15.2",
      "resolved": "https://registry.npmjs.org/@swc/core-linux-arm64-musl/-/core-linux-arm64-musl-1.15.2.tgz",
      "integrity": "sha512-5av6VYZZeneiYIodwzGMlnyVakpuYZryGzFIbgu1XP8wVylZxduEzup4eP8atiMDFmIm+s4wn8GySJmYqeJC0A==",
      "version": "1.15.2",
      "resolved": "https://registry.npmjs.org/@swc/core-linux-x64-gnu/-/core-linux-x64-gnu-1.15.2.tgz",
      "integrity": "sha512-1nO/UfdCLuT/uE/7oB3EZgTeZDCIa6nL72cFEpdegnqpJVNDI6Qb8U4g/4lfVPkmHq2lvxQ0L+n+JdgaZLhrRA==",
      "version": "1.15.2",
      "resolved": "https://registry.npmjs.org/@swc/core-linux-x64-musl/-/core-linux-x64-musl-1.15.2.tgz",
      "integrity": "sha512-Ksfrb0Tx310kr+TLiUOvB/I80lyZ3lSOp6cM18zmNRT/92NB4mW8oX2Jo7K4eVEI2JWyaQUAFubDSha2Q+439A==",
      "version": "1.15.2",
      "resolved": "https://registry.npmjs.org/@swc/core-win32-arm64-msvc/-/core-win32-arm64-msvc-1.15.2.tgz",
      "integrity": "sha512-IzUb5RlMUY0r1A9IuJrQ7Tbts1wWb73/zXVXT8VhewbHGoNlBKE0qUhKMED6Tv4wDF+pmbtUJmKXDthytAvLmg==",
      "version": "1.15.2",
      "resolved": "https://registry.npmjs.org/@swc/core-win32-ia32-msvc/-/core-win32-ia32-msvc-1.15.2.tgz",
      "integrity": "sha512-kCATEzuY2LP9AlbU2uScjcVhgnCAkRdu62vbce17Ro5kxEHxYWcugkveyBRS3AqZGtwAKYbMAuNloer9LS/hpw==",
      "version": "1.15.2",
      "resolved": "https://registry.npmjs.org/@swc/core-win32-x64-msvc/-/core-win32-x64-msvc-1.15.2.tgz",
      "integrity": "sha512-iJaHeYCF4jTn7OEKSa3KRiuVFIVYts8jYjNmCdyz1u5g8HRyTDISD76r8+ljEOgm36oviRQvcXaw6LFp1m0yyA==",
      "license": "MIT"
      "license": "MIT",
      "peer": true
      "license": "0BSD"
      "optional": true,
      "peer": true
      "license": "MIT"
